
Microsoft Visual Studio Solution File, Format Version 12.00
# Visual Studio Version 17
VisualStudioVersion = 17.4.33213.308
MinimumVisualStudioVersion = 10.0.40219.1
Project("{FAE04EC0-301F-11D3-BF4B-00C04F79EFBC}") = "MP03-ChuyenAnhMauRGBSangAnhXam", "MP03_ChuyenAnhMauRGBSangAnhXam\MP03-ChuyenAnhMauRGBSangAnhXam.csproj", "{B941DF49-7BA4-4413-8F33-F9364B60C425}"
EndProject
Project("{FAE04EC0-301F-11D3-BF4B-00C04F79EFBC}") = "MP04-ChuyenAnhMauRGBSangAnhNhiPhan", "MP04_ChuyenAnhMauRGBSangAnhNhiPhan\MP04-ChuyenAnhMauRGBSangAnhNhiPhan.csproj", "{1F80BDAE-114A-4382-B2D8-0C62D79AADF5}"
EndProject
Project("{FAE04EC0-301F-11D3-BF4B-00C04F79EFBC}") = "MP01-HienThiAnhMauRGB", "MP01-HienThiAnhMauRGB\MP01-HienThiAnhMauRGB.csproj", "{DF0A334A-A132-4993-967B-BD6F442D60A4}"
EndProject
Project("{FAE04EC0-301F-11D3-BF4B-00C04F79EFBC}") = "MP05-BieuDoHistogramAnhMauRGB", "MP05-BieuDoHistogramAnhMauRGB\MP05-BieuDoHistogramAnhMauRGB.csproj", "{C0CA1071-2A2A-4891-B6DA-17662545F689}"
EndProject
Project("{FAE04EC0-301F-11D3-BF4B-00C04F79EFBC}") = "MP05-BieuDoHistogramAnhXam", "MP05-BieuDoHistogramAnhXam\MP05-BieuDoHistogramAnhXam.csproj", "{9F2E955C-AB86-4A58-A8AA-B4D2C75988DB}"
EndProject
Project("{FAE04EC0-301F-11D3-BF4B-00C04F79EFBC}") = "MP06-RGB2CMYK", "MP06_RGB2CMYK\MP06-RGB2CMYK.csproj", "{5B9C3FE8-F2E1-4636-8CEE-634917939617}"
EndProject
Project("{FAE04EC0-301F-11D3-BF4B-00C04F79EFBC}") = "MP07-RGB2HSI", "MP07_RGB2HSI\MP07-RGB2HSI.csproj", "{47C2BF4A-6C01-4E6F-B692-F982A2A2C4D5}"
EndProject
Project("{FAE04EC0-301F-11D3-BF4B-00C04F79EFBC}") = "MP08_RGB2HSV", "MP08_RGB2HSV\MP08_RGB2HSV.csproj", "{D8082F27-7C97-4B82-AB23-94560BE7AEA4}"
EndProject
Project("{FAE04EC0-301F-11D3-BF4B-00C04F79EFBC}") = "MP09_RGB2XYZ", "MP09_RGB2XYZ\MP09_RGB2XYZ.csproj", "{597EE263-F071-42BE-BE31-5AB3EAABE4BF}"
EndProject
Project("{FAE04EC0-301F-11D3-BF4B-00C04F79EFBC}") = "MP10_RGB2YCrCb", "MP10_RGB2YCrCb\MP10_RGB2YCrCb.csproj", "{4AC9F453-11C3-40B6-A8F6-9614B016CA12}"
EndProject
Project("{FAE04EC0-301F-11D3-BF4B-00C04F79EFBC}") = "MP11_ColorImageSmoothing", "MP11_ColorImageSmoothing\MP11_ColorImageSmoothing.csproj", "{AF62F73B-8D4A-4DCB-9AF2-8249A7DDA442}"
EndProject
Project("{FAE04EC0-301F-11D3-BF4B-00C04F79EFBC}") = "MP12_ColorImageSharpening", "MP12_ColorImageSharpening\MP12_ColorImageSharpening.csproj", "{B473D3EB-5A6B-4029-936D-A1A3D89F7820}"
EndProject
Project("{FAE04EC0-301F-11D3-BF4B-00C04F79EFBC}") = "MP14_Edge_Detection", "MP14_Edge_Detection\MP14_Edge_Detection\MP14_Edge_Detection.csproj", "{CCE6322F-E737-4555-BC86-E616F50C361C}"
EndProject
Project("{FAE04EC0-301F-11D3-BF4B-00C04F79EFBC}") = "MP13_Segmentation", "MP13_Segmentation\MP13_Segmentation\MP13_Segmentation.csproj", "{8F716477-5BB6-4962-BCF1-F331354018DB}"
EndProject
Project("{FAE04EC0-301F-11D3-BF4B-00C04F79EFBC}") = "MP15_Edge_Detection_RGB", "MP15_Edge_Detection_RGB\MP15_Edge_Detection_RGB\MP15_Edge_Detection_RGB.csproj", "{FE6231AD-CCB1-4406-A6A9-E6699384C0EA}"
EndProject
Global
	GlobalSection(SolutionConfigurationPlatforms) = preSolution
		Debug|Any CPU = Debug|Any CPU
		Release|Any CPU = Release|Any CPU
	EndGlobalSection
	GlobalSection(ProjectConfigurationPlatforms) = postSolution
		{B941DF49-7BA4-4413-8F33-F9364B60C425}.Debug|Any CPU.ActiveCfg = Debug|Any CPU
		{B941DF49-7BA4-4413-8F33-F9364B60C425}.Debug|Any CPU.Build.0 = Debug|Any CPU
		{B941DF49-7BA4-4413-8F33-F9364B60C425}.Release|Any CPU.ActiveCfg = Release|Any CPU
		{B941DF49-7BA4-4413-8F33-F9364B60C425}.Release|Any CPU.Build.0 = Release|Any CPU
		{1F80BDAE-114A-4382-B2D8-0C62D79AADF5}.Debug|Any CPU.ActiveCfg = Debug|Any CPU
		{1F80BDAE-114A-4382-B2D8-0C62D79AADF5}.Debug|Any CPU.Build.0 = Debug|Any CPU
		{1F80BDAE-114A-4382-B2D8-0C62D79AADF5}.Release|Any CPU.ActiveCfg = Release|Any CPU
		{1F80BDAE-114A-4382-B2D8-0C62D79AADF5}.Release|Any CPU.Build.0 = Release|Any CPU
		{DF0A334A-A132-4993-967B-BD6F442D60A4}.Debug|Any CPU.ActiveCfg = Debug|Any CPU
		{DF0A334A-A132-4993-967B-BD6F442D60A4}.Debug|Any CPU.Build.0 = Debug|Any CPU
		{DF0A334A-A132-4993-967B-BD6F442D60A4}.Release|Any CPU.ActiveCfg = Release|Any CPU
		{DF0A334A-A132-4993-967B-BD6F442D60A4}.Release|Any CPU.Build.0 = Release|Any CPU
		{C0CA1071-2A2A-4891-B6DA-17662545F689}.Debug|Any CPU.ActiveCfg = Debug|Any CPU
		{C0CA1071-2A2A-4891-B6DA-17662545F689}.Debug|Any CPU.Build.0 = Debug|Any CPU
		{C0CA1071-2A2A-4891-B6DA-17662545F689}.Release|Any CPU.ActiveCfg = Release|Any CPU
		{C0CA1071-2A2A-4891-B6DA-17662545F689}.Release|Any CPU.Build.0 = Release|Any CPU
		{9F2E955C-AB86-4A58-A8AA-B4D2C75988DB}.Debug|Any CPU.ActiveCfg = Debug|Any CPU
		{9F2E955C-AB86-4A58-A8AA-B4D2C75988DB}.Debug|Any CPU.Build.0 = Debug|Any CPU
		{9F2E955C-AB86-4A58-A8AA-B4D2C75988DB}.Release|Any CPU.ActiveCfg = Release|Any CPU
		{9F2E955C-AB86-4A58-A8AA-B4D2C75988DB}.Release|Any CPU.Build.0 = Release|Any CPU
		{5B9C3FE8-F2E1-4636-8CEE-634917939617}.Debug|Any CPU.ActiveCfg = Debug|Any CPU
		{5B9C3FE8-F2E1-4636-8CEE-634917939617}.Debug|Any CPU.Build.0 = Debug|Any CPU
		{5B9C3FE8-F2E1-4636-8CEE-634917939617}.Release|Any CPU.ActiveCfg = Release|Any CPU
		{5B9C3FE8-F2E1-4636-8CEE-634917939617}.Release|Any CPU.Build.0 = Release|Any CPU
		{47C2BF4A-6C01-4E6F-B692-F982A2A2C4D5}.Debug|Any CPU.ActiveCfg = Debug|Any CPU
		{47C2BF4A-6C01-4E6F-B692-F982A2A2C4D5}.Debug|Any CPU.Build.0 = Debug|Any CPU
		{47C2BF4A-6C01-4E6F-B692-F982A2A2C4D5}.Release|Any CPU.ActiveCfg = Release|Any CPU
		{47C2BF4A-6C01-4E6F-B692-F982A2A2C4D5}.Release|Any CPU.Build.0 = Release|Any CPU
		{D8082F27-7C97-4B82-AB23-94560BE7AEA4}.Debug|Any CPU.ActiveCfg = Debug|Any CPU
		{D8082F27-7C97-4B82-AB23-94560BE7AEA4}.Debug|Any CPU.Build.0 = Debug|Any CPU
		{D8082F27-7C97-4B82-AB23-94560BE7AEA4}.Release|Any CPU.ActiveCfg = Release|Any CPU
		{D8082F27-7C97-4B82-AB23-94560BE7AEA4}.Release|Any CPU.Build.0 = Release|Any CPU
		{597EE263-F071-42BE-BE31-5AB3EAABE4BF}.Debug|Any CPU.ActiveCfg = Debug|Any CPU
		{597EE263-F071-42BE-BE31-5AB3EAABE4BF}.Debug|Any CPU.Build.0 = Debug|Any CPU
		{597EE263-F071-42BE-BE31-5AB3EAABE4BF}.Release|Any CPU.ActiveCfg = Release|Any CPU
		{597EE263-F071-42BE-BE31-5AB3EAABE4BF}.Release|Any CPU.Build.0 = Release|Any CPU
		{4AC9F453-11C3-40B6-A8F6-9614B016CA12}.Debug|Any CPU.ActiveCfg = Debug|Any CPU
		{4AC9F453-11C3-40B6-A8F6-9614B016CA12}.Debug|Any CPU.Build.0 = Debug|Any CPU
		{4AC9F453-11C3-40B6-A8F6-9614B016CA12}.Release|Any CPU.ActiveCfg = Release|Any CPU
		{4AC9F453-11C3-40B6-A8F6-9614B016CA12}.Release|Any CPU.Build.0 = Release|Any CPU
		{AF62F73B-8D4A-4DCB-9AF2-8249A7DDA442}.Debug|Any CPU.ActiveCfg = Debug|Any CPU
		{AF62F73B-8D4A-4DCB-9AF2-8249A7DDA442}.Debug|Any CPU.Build.0 = Debug|Any CPU
		{AF62F73B-8D4A-4DCB-9AF2-8249A7DDA442}.Release|Any CPU.ActiveCfg = Release|Any CPU
		{AF62F73B-8D4A-4DCB-9AF2-8249A7DDA442}.Release|Any CPU.Build.0 = Release|Any CPU
		{B473D3EB-5A6B-4029-936D-A1A3D89F7820}.Debug|Any CPU.ActiveCfg = Debug|Any CPU
		{B473D3EB-5A6B-4029-936D-A1A3D89F7820}.Debug|Any CPU.Build.0 = Debug|Any CPU
		{B473D3EB-5A6B-4029-936D-A1A3D89F7820}.Release|Any CPU.ActiveCfg = Release|Any CPU
		{B473D3EB-5A6B-4029-936D-A1A3D89F7820}.Release|Any CPU.Build.0 = Release|Any CPU
		{CCE6322F-E737-4555-BC86-E616F50C361C}.Debug|Any CPU.ActiveCfg = Debug|Any CPU
		{CCE6322F-E737-4555-BC86-E616F50C361C}.Debug|Any CPU.Build.0 = Debug|Any CPU
		{CCE6322F-E737-4555-BC86-E616F50C361C}.Release|Any CPU.ActiveCfg = Release|Any CPU
		{CCE6322F-E737-4555-BC86-E616F50C361C}.Release|Any CPU.Build.0 = Release|Any CPU
		{8F716477-5BB6-4962-BCF1-F331354018DB}.Debug|Any CPU.ActiveCfg = Debug|Any CPU
		{8F716477-5BB6-4962-BCF1-F331354018DB}.Debug|Any CPU.Build.0 = Debug|Any CPU
		{8F716477-5BB6-4962-BCF1-F331354018DB}.Release|Any CPU.ActiveCfg = Release|Any CPU
		{8F716477-5BB6-4962-BCF1-F331354018DB}.Release|Any CPU.Build.0 = Release|Any CPU
		{FE6231AD-CCB1-4406-A6A9-E6699384C0EA}.Debug|Any CPU.ActiveCfg = Debug|Any CPU
		{FE6231AD-CCB1-4406-A6A9-E6699384C0EA}.Debug|Any CPU.Build.0 = Debug|Any CPU
		{FE6231AD-CCB1-4406-A6A9-E6699384C0EA}.Release|Any CPU.ActiveCfg = Release|Any CPU
		{FE6231AD-CCB1-4406-A6A9-E6699384C0EA}.Release|Any CPU.Build.0 = Release|Any CPU
	EndGlobalSection
	GlobalSection(SolutionProperties) = preSolution
		HideSolutionNode = FALSE
	EndGlobalSection
	GlobalSection(ExtensibilityGlobals) = postSolution
		SolutionGuid = {9E8F23E5-993B-4054-B781-30A45AB10AC5}
	EndGlobalSection
EndGlobal
